
Microsoft Visual Studio Solution File, Format Version 12.00
# Visual Studio Version 16
VisualStudioVersion = 16.0.29424.173
MinimumVisualStudioVersion = 10.0.40219.1
Project("{FAE04EC0-301F-11D3-BF4B-00C04F79EFBC}") = "Graphic", "..\WpfApp2 — kopia\Graphic.csproj", "{48010615-4952-4FAE-962B-EEFF0AE27264}"
EndProject
Global
	GlobalSection(SolutionConfigurationPlatforms) = preSolution
		Debug|Any CPU = Debug|Any CPU
		Release|Any CPU = Release|Any CPU
	EndGlobalSection
	GlobalSection(ProjectConfigurationPlatforms) = postSolution
		{48010615-4952-4FAE-962B-EEFF0AE27264}.Debug|Any CPU.ActiveCfg = Debug|Any CPU
		{48010615-4952-4FAE-962B-EEFF0AE27264}.Debug|Any CPU.Build.0 = Debug|Any CPU
		{48010615-4952-4FAE-962B-EEFF0AE27264}.Release|Any CPU.ActiveCfg = Release|Any CPU
		{48010615-4952-4FAE-962B-EEFF0AE27264}.Release|Any CPU.Build.0 = Release|Any CPU
	EndGlobalSection
	GlobalSection(SolutionProperties) = preSolution
		HideSolutionNode = FALSE
	EndGlobalSection
	GlobalSection(ExtensibilityGlobals) = postSolution
		SolutionGuid = {D2C72555-7559-466C-9A05-C4B366BD334B}
	EndGlobalSection
EndGlobal
