
Microsoft Visual Studio Solution File, Format Version 12.00
# Visual Studio Version 16
VisualStudioVersion = 16.0.29521.150
MinimumVisualStudioVersion = 10.0.40219.1
Project("{FAE04EC0-301F-11D3-BF4B-00C04F79EFBC}") = "PLCsPing", "PLCsPing.csproj", "{AF37C4ED-157A-40DA-913C-DEE900D08C33}"
EndProject
Global
	GlobalSection(SolutionConfigurationPlatforms) = preSolution
		Debug|Any CPU = Debug|Any CPU
		Release|Any CPU = Release|Any CPU
	EndGlobalSection
	GlobalSection(ProjectConfigurationPlatforms) = postSolution
		{AF37C4ED-157A-40DA-913C-DEE900D08C33}.Debug|Any CPU.ActiveCfg = Debug|Any CPU
		{AF37C4ED-157A-40DA-913C-DEE900D08C33}.Debug|Any CPU.Build.0 = Debug|Any CPU
		{AF37C4ED-157A-40DA-913C-DEE900D08C33}.Release|Any CPU.ActiveCfg = Release|Any CPU
		{AF37C4ED-157A-40DA-913C-DEE900D08C33}.Release|Any CPU.Build.0 = Release|Any CPU
	EndGlobalSection
	GlobalSection(SolutionProperties) = preSolution
		HideSolutionNode = FALSE
	EndGlobalSection
	GlobalSection(ExtensibilityGlobals) = postSolution
		SolutionGuid = {76E8E5A6-F245-4BE4-85C4-EFC04A4566CE}
	EndGlobalSection
EndGlobal
